Microsoft Visual Studio Solution File, Format Version 12.00
# Visual Studio Version 17
VisualStudioVersion = 17.5.2.0
MinimumVisualStudioVersion = 10.0.40219.1
Project("{FAE04EC0-301F-11D3-BF4B-00C04F79EFBC}") = "NPC", "NPC\NPC.csproj", "{4C9731FE-70D3-C09C-E5F3-1D3045AF0204}"
EndProject
Global
	GlobalSection(SolutionConfigurationPlatforms) = preSolution
		Debug|Any CPU = Debug|Any CPU
		Release|Any CPU = Release|Any CPU
	EndGlobalSection
	GlobalSection(ProjectConfigurationPlatforms) = postSolution
		{4C9731FE-70D3-C09C-E5F3-1D3045AF0204}.Debug|Any CPU.ActiveCfg = Debug|Any CPU
		{4C9731FE-70D3-C09C-E5F3-1D3045AF0204}.Debug|Any CPU.Build.0 = Debug|Any CPU
		{4C9731FE-70D3-C09C-E5F3-1D3045AF0204}.Release|Any CPU.ActiveCfg = Release|Any CPU
		{4C9731FE-70D3-C09C-E5F3-1D3045AF0204}.Release|Any CPU.Build.0 = Release|Any CPU
	EndGlobalSection
	GlobalSection(SolutionProperties) = preSolution
		HideSolutionNode = FALSE
	EndGlobalSection
	GlobalSection(ExtensibilityGlobals) = postSolution
		SolutionGuid = {59579348-84B2-4379-BE1A-75C93FD2D888}
	EndGlobalSection
EndGlobal
